PODS:
  - Alamofire (5.2.2)
  - ApplicasterIAP (0.0.5)
  - ApplicasterSDK (13.0.0):
    - Alamofire (= 5.2.2)
    - CocoaLumberjack/Swift (= 3.5.3)
    - SSZipArchive (= 2.1.0)
    - TTTAttributedLabel (= 2.1.0)
    - TwitterKit (= 3.4.2)
    - ZappPlugins (~> 11.8.0)
  - CAM (3.5.0):
    - ApplicasterIAP
    - ZappPlugins (>= 11.1.2)
  - CleengLogin (2.5.0):
    - Alamofire
    - ApplicasterSDK
    - CAM
    - ZappPlugins
  - CocoaLumberjack/Core (3.5.3)
  - CocoaLumberjack/Swift (3.5.3):
    - CocoaLumberjack/Core
  - SSZipArchive (2.1.0)
  - TTTAttributedLabel (2.1.0)
  - TwitterCore (3.2.0)
  - TwitterKit (3.4.2):
    - TwitterCore (>= 3.2.0)
  - ZappCore (0.9.18)
  - ZappPlugins (11.8.0):
    - ZappCore

DEPENDENCIES:
  - CAM (from `../Submodules/CAM/CAM.podspec`)
  - CleengLogin (from `../CleengLogin.podspec`)

SPEC REPOS:
  "git@github.com:applicaster/applicaster-iap-framework.git":
    - ApplicasterIAP
  "git@github.com:applicaster/CocoaPods.git":
    - ApplicasterSDK
    - TTTAttributedLabel
    - ZappCore
    - ZappPlugins
  https://github.com/CocoaPods/Specs.git:
    - Alamofire
    - CocoaLumberjack
    - SSZipArchive
    - TwitterCore
    - TwitterKit

EXTERNAL SOURCES:
  CAM:
    :path: "../Submodules/CAM/CAM.podspec"
  CleengLogin:
    :path: "../CleengLogin.podspec"

SPEC CHECKSUMS:
  Alamofire: 814429acc853c6c54ff123fc3d2ef66803823ce0
  ApplicasterIAP: 52b26e42126693cf42926b8d9e86fd4445533ee8
  ApplicasterSDK: 2aed1b8696366c3d39821cf9b1624b66cef328cb
  CAM: 3622f8265e97e7fd2ec3733b7b8ad50efeba15fd
  CleengLogin: 693be7b74381cc9f1c333d8dc22057e0083482de
  CocoaLumberjack: 2f44e60eb91c176d471fdba43b9e3eae6a721947
  SSZipArchive: 1e8e53dcb11bca3ded4738958dc49fc467320a14
  TTTAttributedLabel: f8c7f1dbc7b8f7168e23e8b4764dda2e3b74aae8
  TwitterCore: 8cbc9ad34d91c63a0035ea05bfbfc0d7ca72a28c
  TwitterKit: 5e4f41d70b9abdb41df5467f52d7aa2c0fd26ebb
  ZappCore: cc45ec2514e5cf879593a58e60b1815a7abe0048
  ZappPlugins: c989f6ebf539f0071032d064e225349f420950e5

PODFILE CHECKSUM: f4eff20d70251b2116204f9976a756c1223d6fd4

COCOAPODS: 1.9.3
