PODS:
  - Alamofire (4.8.2)
  - ApplicasterIAP (0.0.3)
  - CAM (1.0.1):
    - ApplicasterIAP
    - ZappPlugins
  - CleengLogin (0.0.1):
    - Alamofire
    - CAM
    - ZappLoginPluginsSDK
    - ZappPlugins
  - ZappLoginPluginsSDK (7.0.1):
    - Alamofire
    - ZappPlugins
  - ZappPlugins (8.2.0)

DEPENDENCIES:
  - CAM (from `../Submodules/CAM/CAM.podspec`)
  - CleengLogin (from `../CleengLogin.podspec`)

SPEC REPOS:
  "git@github.com:applicaster/CocoaPods-Private.git":
    - ZappLoginPluginsSDK
  "git@github.com:applicaster/CocoaPods.git":
    - ZappPlugins
  https://github.com/applicaster/applicaster-iap-framework:
    - ApplicasterIAP
  https://github.com/cocoapods/specs.git:
    - Alamofire

EXTERNAL SOURCES:
  CAM:
    :path: "../Submodules/CAM/CAM.podspec"
  CleengLogin:
    :path: "../CleengLogin.podspec"

SPEC CHECKSUMS:
  Alamofire: ae5c501addb7afdbb13687d7f2f722c78734c2d3
  ApplicasterIAP: 3e02eab421049bae6a12e4dcfd03b467e7dac847
  CAM: 1f6ac3648c0cc621038571e04e2d3ecdfbb4e63c
  CleengLogin: 588829f0c90c0578e276397f9bd23e021850cb72
  ZappLoginPluginsSDK: 548119bbd8b28e6fe7bd67ead2c550c8db6870c1
  ZappPlugins: 22fad1f8afba01d35de8ca4b1a132bde12a07cf5

PODFILE CHECKSUM: c09eecc612f6fbd556345b335ef6d0d6e241458a

COCOAPODS: 1.7.1
