PODS:
  - Alamofire (4.8.2)
  - ApplicasterIAP (0.0.3)
  - ApplicasterSDK (10.0.9):
    - Alamofire (= 4.8.2)
    - CocoaLumberjack/Swift (= 3.5.3)
    - FBSDKCoreKit (= 5.2.3)
    - FBSDKLoginKit (= 5.2.3)
    - FBSDKShareKit (= 5.2.3)
    - SSZipArchive (= 2.1.0)
    - TTTAttributedLabel (= 2.1.0)
    - TwitterKit (= 3.4.2)
    - ZappAnalyticsPluginsSDK (~> 8.0.4)
    - ZappGeneralPluginsSDK (~> 8.0.2)
    - ZappLoginPluginsSDK (~> 8.0.1)
    - ZappPlugins (~> 9.1.8)
    - ZappPushPluginsSDK (~> 8.0.2)
  - ApplicasterUIKit (7.0.4):
    - ZappPlugins (~> 9.1.8)
  - CAM (1.0.10):
    - ApplicasterIAP
    - ApplicasterSDK
    - ZappPlugins
  - CleengLogin (0.0.11):
    - Alamofire
    - CAM
    - ComponentsSDK
    - ZappLoginPluginsSDK
    - ZappPlugins
  - CocoaLumberjack/Core (3.5.3)
  - CocoaLumberjack/Swift (3.5.3):
    - CocoaLumberjack/Core
  - ComponentsSDK (12.2.0):
    - ApplicasterSDK (~> 10.0.8)
    - ApplicasterUIKit (~> 7.0.4)
    - ZappAnalyticsPluginsSDK (~> 8.0.4)
    - ZappGeneralPluginsSDK (~> 8.0.2)
    - ZappNavigationBarPluginsSDK (~> 8.0.1)
    - ZappPlugins (~> 9.1.8)
  - FBSDKCoreKit (5.2.3):
    - FBSDKCoreKit/Basics (= 5.2.3)
    - FBSDKCoreKit/Core (= 5.2.3)
  - FBSDKCoreKit/Basics (5.2.3)
  - FBSDKCoreKit/Core (5.2.3):
    - FBSDKCoreKit/Basics
  - FBSDKLoginKit (5.2.3):
    - FBSDKCoreKit (~> 5.0)
  - FBSDKShareKit (5.2.3):
    - FBSDKCoreKit (~> 5.0)
  - SSZipArchive (2.1.0)
  - TTTAttributedLabel (2.1.0)
  - TwitterCore (3.2.0)
  - TwitterKit (3.4.2):
    - TwitterCore (>= 3.2.0)
  - ZappAnalyticsPluginsSDK (8.0.4):
    - ZappPlugins
  - ZappGeneralPluginsSDK (8.0.2):
    - ZappPlugins
  - ZappLoginPluginsSDK (8.0.2):
    - Alamofire
    - ZappPlugins
  - ZappNavigationBarPluginsSDK (8.0.1):
    - ZappPlugins
  - ZappPlugins (9.1.9)
  - ZappPushPluginsSDK (8.0.2):
    - ZappPlugins

DEPENDENCIES:
  - CAM (from `../Submodules/CAM/CAM.podspec`)
  - CleengLogin (from `../CleengLogin.podspec`)

SPEC REPOS:
  "git@github.com:applicaster/applicaster-iap-framework.git":
    - ApplicasterIAP
  "git@github.com:applicaster/CocoaPods-Private.git":
    - ZappAnalyticsPluginsSDK
    - ZappGeneralPluginsSDK
    - ZappLoginPluginsSDK
    - ZappNavigationBarPluginsSDK
    - ZappPushPluginsSDK
  "git@github.com:applicaster/CocoaPods.git":
    - ApplicasterSDK
    - ApplicasterUIKit
    - ComponentsSDK
    - TTTAttributedLabel
    - ZappPlugins
  https://github.com/cocoapods/specs.git:
    - Alamofire
    - CocoaLumberjack
    - FBSDKCoreKit
    - FBSDKLoginKit
    - FBSDKShareKit
    - SSZipArchive
    - TwitterCore
    - TwitterKit

EXTERNAL SOURCES:
  CAM:
    :path: "../Submodules/CAM/CAM.podspec"
  CleengLogin:
    :path: "../CleengLogin.podspec"

SPEC CHECKSUMS:
  Alamofire: ae5c501addb7afdbb13687d7f2f722c78734c2d3
  ApplicasterIAP: 3e02eab421049bae6a12e4dcfd03b467e7dac847
  ApplicasterSDK: 8b7bd6161d5ceae9499563a98cd631302cd38f5c
  ApplicasterUIKit: 0636c94e9cbd1af7f212f4e3d0b3bc658110fb42
  CAM: 38ba9245354452fd7a83fd4023a28807e19477d8
  CleengLogin: 23f4dc4afbcef013019da142fa465e3d74f8652f
  CocoaLumberjack: 2f44e60eb91c176d471fdba43b9e3eae6a721947
  ComponentsSDK: f821147240dd804afa92ef16a87dad43deadfd02
  FBSDKCoreKit: 5154c35d9058fd7dfa0445ba19e194c4b172fc32
  FBSDKLoginKit: dc98b6bf12334f1a42f28d0457fffc9aa3d1eca5
  FBSDKShareKit: 6f9c622f9a5d051f43f2dab6f753d5198422b89c
  SSZipArchive: 1e8e53dcb11bca3ded4738958dc49fc467320a14
  TTTAttributedLabel: f8c7f1dbc7b8f7168e23e8b4764dda2e3b74aae8
  TwitterCore: 8cbc9ad34d91c63a0035ea05bfbfc0d7ca72a28c
  TwitterKit: 5e4f41d70b9abdb41df5467f52d7aa2c0fd26ebb
  ZappAnalyticsPluginsSDK: 6f8edcddc12ae4001098a3fa6fe87e6fe1a013bd
  ZappGeneralPluginsSDK: df966c141975d4b797f147b6c39e972d18aaa4f5
  ZappLoginPluginsSDK: 7afb61fa738f1f73666a8250bd14b5dda8cc8f87
  ZappNavigationBarPluginsSDK: 99ac8c1508387f03ea5cc5fd33402ffa8f00bbc9
  ZappPlugins: 2bc8f25c9e28711ed5b8754cf1082e7cbc8748bb
  ZappPushPluginsSDK: 2062e2487f3ac877c0ab1a807d1a7f8d357bd333

PODFILE CHECKSUM: bf58afe7249691740fd5fe920977c5d018e49eb5

COCOAPODS: 1.7.5
